
Microsoft Visual Studio Solution File, Format Version 12.00
# Visual Studio Version 16
VisualStudioVersion = 16.0.30225.117
MinimumVisualStudioVersion = 10.0.40219.1
Project("{2150E333-8FDC-42A3-9474-1A3956D46DE8}") = "src", "src", "{F68FA3AE-1AC1-47D0-966E-FA3523D774F7}"
EndProject
Project("{2150E333-8FDC-42A3-9474-1A3956D46DE8}") = "Catalog", "Catalog", "{495166C6-6EA5-498C-8756-1AC0E167097F}"
EndProject
Project("{9A19103F-16F7-4668-BE54-9A1E7A4F7556}") = "Catalog.API", "src\Catalog\Catalog.API\Catalog.API.csproj", "{64BF393B-7AC9-480E-A4F6-3F886A9A49A7}"
EndProject
Project("{E53339B2-1760-4266-BCC7-CA923CBCF16C}") = "docker-compose", "docker-compose.dcproj", "{EA0A3C51-7E9A-4045-B614-EBF8F01C67EF}"
EndProject
Project("{2150E333-8FDC-42A3-9474-1A3956D46DE8}") = "Basket", "Basket", "{938E78F7-E12B-4E3C-8979-2E64988AFFE7}"
EndProject
Project("{9A19103F-16F7-4668-BE54-9A1E7A4F7556}") = "Basket.API", "src\Basket\Basket.API\Basket.API.csproj", "{82A80DE1-FCA5-4093-8E09-01B65A31A6F0}"
EndProject
Project("{2150E333-8FDC-42A3-9474-1A3956D46DE8}") = "Common", "Common", "{F0B8FEF0-499C-4125-A1CF-3E43A95A0065}"
EndProject
Project("{9A19103F-16F7-4668-BE54-9A1E7A4F7556}") = "EventBusRabbitMQ", "src\Common\EventBusRabbitMQ\EventBusRabbitMQ.csproj", "{5E6CDD6E-FAA8-4E8E-B558-9B3A29ABDF89}"
EndProject
Project("{2150E333-8FDC-42A3-9474-1A3956D46DE8}") = "Ordering", "Ordering", "{3A1056C2-0F02-4871-8826-B64346ACC1C1}"
EndProject
Project("{9A19103F-16F7-4668-BE54-9A1E7A4F7556}") = "Ordering.API", "src\Ordering\Ordering.API\Ordering.API.csproj", "{46BE483B-EB2B-49F9-ADB9-941D274938AB}"
EndProject
Project("{9A19103F-16F7-4668-BE54-9A1E7A4F7556}") = "Ordering.Core", "src\Ordering\Ordering.Core\Ordering.Core.csproj", "{DE64EAA4-1838-476C-893D-AED01055309D}"
EndProject
Project("{9A19103F-16F7-4668-BE54-9A1E7A4F7556}") = "Ordering.Infrastructure", "src\Ordering\Ordering.Infrastructure\Ordering.Infrastructure.csproj", "{525E319F-8B5C-4C36-ACC4-C74C31071F32}"
EndProject
Project("{9A19103F-16F7-4668-BE54-9A1E7A4F7556}") = "Ordering.Application", "src\Ordering\Ordering.Application\Ordering.Application.csproj", "{83D43C6F-5D04-452B-8F7A-1761068B136D}"
EndProject
Project("{2150E333-8FDC-42A3-9474-1A3956D46DE8}") = "ApiGateway", "ApiGateway", "{175FF92A-3545-4CAB-B62A-5B7855D3B5FE}"
EndProject
Project("{9A19103F-16F7-4668-BE54-9A1E7A4F7556}") = "OcelotAPIGateway", "src\ApiGateway\OcelotAPIGateway\OcelotAPIGateway.csproj", "{C4F709DA-B1F2-46D0-AD00-2765003C5710}"
EndProject
Project("{2150E333-8FDC-42A3-9474-1A3956D46DE8}") = "WebApp", "WebApp", "{5076F456-4038-4F1B-B6B5-1C5FFC7EF42C}"
EndProject
Project("{9A19103F-16F7-4668-BE54-9A1E7A4F7556}") = "AspnetRunBasics", "src\WebApp\AspnetRunBasics\AspnetRunBasics.csproj", "{C05F5689-58CC-4514-B21D-20F97596C966}"
EndProject
Global
	GlobalSection(SolutionConfigurationPlatforms) = preSolution
		Debug|Any CPU = Debug|Any CPU
		Release|Any CPU = Release|Any CPU
	EndGlobalSection
	GlobalSection(ProjectConfigurationPlatforms) = postSolution
		{64BF393B-7AC9-480E-A4F6-3F886A9A49A7}.Debug|Any CPU.ActiveCfg = Debug|Any CPU
		{64BF393B-7AC9-480E-A4F6-3F886A9A49A7}.Debug|Any CPU.Build.0 = Debug|Any CPU
		{64BF393B-7AC9-480E-A4F6-3F886A9A49A7}.Release|Any CPU.ActiveCfg = Release|Any CPU
		{64BF393B-7AC9-480E-A4F6-3F886A9A49A7}.Release|Any CPU.Build.0 = Release|Any CPU
		{EA0A3C51-7E9A-4045-B614-EBF8F01C67EF}.Debug|Any CPU.ActiveCfg = Debug|Any CPU
		{EA0A3C51-7E9A-4045-B614-EBF8F01C67EF}.Debug|Any CPU.Build.0 = Debug|Any CPU
		{EA0A3C51-7E9A-4045-B614-EBF8F01C67EF}.Release|Any CPU.ActiveCfg = Release|Any CPU
		{EA0A3C51-7E9A-4045-B614-EBF8F01C67EF}.Release|Any CPU.Build.0 = Release|Any CPU
		{82A80DE1-FCA5-4093-8E09-01B65A31A6F0}.Debug|Any CPU.ActiveCfg = Debug|Any CPU
		{82A80DE1-FCA5-4093-8E09-01B65A31A6F0}.Debug|Any CPU.Build.0 = Debug|Any CPU
		{82A80DE1-FCA5-4093-8E09-01B65A31A6F0}.Release|Any CPU.ActiveCfg = Release|Any CPU
		{82A80DE1-FCA5-4093-8E09-01B65A31A6F0}.Release|Any CPU.Build.0 = Release|Any CPU
		{5E6CDD6E-FAA8-4E8E-B558-9B3A29ABDF89}.Debug|Any CPU.ActiveCfg = Debug|Any CPU
		{5E6CDD6E-FAA8-4E8E-B558-9B3A29ABDF89}.Debug|Any CPU.Build.0 = Debug|Any CPU
		{5E6CDD6E-FAA8-4E8E-B558-9B3A29ABDF89}.Release|Any CPU.ActiveCfg = Release|Any CPU
		{5E6CDD6E-FAA8-4E8E-B558-9B3A29ABDF89}.Release|Any CPU.Build.0 = Release|Any CPU
		{46BE483B-EB2B-49F9-ADB9-941D274938AB}.Debug|Any CPU.ActiveCfg = Debug|Any CPU
		{46BE483B-EB2B-49F9-ADB9-941D274938AB}.Debug|Any CPU.Build.0 = Debug|Any CPU
		{46BE483B-EB2B-49F9-ADB9-941D274938AB}.Release|Any CPU.ActiveCfg = Release|Any CPU
		{46BE483B-EB2B-49F9-ADB9-941D274938AB}.Release|Any CPU.Build.0 = Release|Any CPU
		{DE64EAA4-1838-476C-893D-AED01055309D}.Debug|Any CPU.ActiveCfg = Debug|Any CPU
		{DE64EAA4-1838-476C-893D-AED01055309D}.Debug|Any CPU.Build.0 = Debug|Any CPU
		{DE64EAA4-1838-476C-893D-AED01055309D}.Release|Any CPU.ActiveCfg = Release|Any CPU
		{DE64EAA4-1838-476C-893D-AED01055309D}.Release|Any CPU.Build.0 = Release|Any CPU
		{525E319F-8B5C-4C36-ACC4-C74C31071F32}.Debug|Any CPU.ActiveCfg = Debug|Any CPU
		{525E319F-8B5C-4C36-ACC4-C74C31071F32}.Debug|Any CPU.Build.0 = Debug|Any CPU
		{525E319F-8B5C-4C36-ACC4-C74C31071F32}.Release|Any CPU.ActiveCfg = Release|Any CPU
		{525E319F-8B5C-4C36-ACC4-C74C31071F32}.Release|Any CPU.Build.0 = Release|Any CPU
		{83D43C6F-5D04-452B-8F7A-1761068B136D}.Debug|Any CPU.ActiveCfg = Debug|Any CPU
		{83D43C6F-5D04-452B-8F7A-1761068B136D}.Debug|Any CPU.Build.0 = Debug|Any CPU
		{83D43C6F-5D04-452B-8F7A-1761068B136D}.Release|Any CPU.ActiveCfg = Release|Any CPU
		{83D43C6F-5D04-452B-8F7A-1761068B136D}.Release|Any CPU.Build.0 = Release|Any CPU
		{C4F709DA-B1F2-46D0-AD00-2765003C5710}.Debug|Any CPU.ActiveCfg = Debug|Any CPU
		{C4F709DA-B1F2-46D0-AD00-2765003C5710}.Debug|Any CPU.Build.0 = Debug|Any CPU
		{C4F709DA-B1F2-46D0-AD00-2765003C5710}.Release|Any CPU.ActiveCfg = Release|Any CPU
		{C4F709DA-B1F2-46D0-AD00-2765003C5710}.Release|Any CPU.Build.0 = Release|Any CPU
		{C05F5689-58CC-4514-B21D-20F97596C966}.Debug|Any CPU.ActiveCfg = Debug|Any CPU
		{C05F5689-58CC-4514-B21D-20F97596C966}.Debug|Any CPU.Build.0 = Debug|Any CPU
		{C05F5689-58CC-4514-B21D-20F97596C966}.Release|Any CPU.ActiveCfg = Release|Any CPU
		{C05F5689-58CC-4514-B21D-20F97596C966}.Release|Any CPU.Build.0 = Release|Any CPU
	EndGlobalSection
	GlobalSection(SolutionProperties) = preSolution
		HideSolutionNode = FALSE
	EndGlobalSection
	GlobalSection(NestedProjects) = preSolution
		{495166C6-6EA5-498C-8756-1AC0E167097F} = {F68FA3AE-1AC1-47D0-966E-FA3523D774F7}
		{64BF393B-7AC9-480E-A4F6-3F886A9A49A7} = {495166C6-6EA5-498C-8756-1AC0E167097F}
		{938E78F7-E12B-4E3C-8979-2E64988AFFE7} = {F68FA3AE-1AC1-47D0-966E-FA3523D774F7}
		{82A80DE1-FCA5-4093-8E09-01B65A31A6F0} = {938E78F7-E12B-4E3C-8979-2E64988AFFE7}
		{F0B8FEF0-499C-4125-A1CF-3E43A95A0065} = {F68FA3AE-1AC1-47D0-966E-FA3523D774F7}
		{5E6CDD6E-FAA8-4E8E-B558-9B3A29ABDF89} = {F0B8FEF0-499C-4125-A1CF-3E43A95A0065}
		{3A1056C2-0F02-4871-8826-B64346ACC1C1} = {F68FA3AE-1AC1-47D0-966E-FA3523D774F7}
		{46BE483B-EB2B-49F9-ADB9-941D274938AB} = {3A1056C2-0F02-4871-8826-B64346ACC1C1}
		{DE64EAA4-1838-476C-893D-AED01055309D} = {3A1056C2-0F02-4871-8826-B64346ACC1C1}
		{525E319F-8B5C-4C36-ACC4-C74C31071F32} = {3A1056C2-0F02-4871-8826-B64346ACC1C1}
		{83D43C6F-5D04-452B-8F7A-1761068B136D} = {3A1056C2-0F02-4871-8826-B64346ACC1C1}
		{175FF92A-3545-4CAB-B62A-5B7855D3B5FE} = {F68FA3AE-1AC1-47D0-966E-FA3523D774F7}
		{C4F709DA-B1F2-46D0-AD00-2765003C5710} = {175FF92A-3545-4CAB-B62A-5B7855D3B5FE}
		{5076F456-4038-4F1B-B6B5-1C5FFC7EF42C} = {F68FA3AE-1AC1-47D0-966E-FA3523D774F7}
		{C05F5689-58CC-4514-B21D-20F97596C966} = {5076F456-4038-4F1B-B6B5-1C5FFC7EF42C}
	EndGlobalSection
	GlobalSection(ExtensibilityGlobals) = postSolution
		SolutionGuid = {377D00FC-30A8-4A03-ACDE-AA1D91911A5C}
	EndGlobalSection
EndGlobal
